// !$*UTF8*$!
{
	archiveVersion = 1;
	classes = {
	};
	objectVersion = 56;
	objects = {

/* Begin PBXBuildFile section */
		6B2700782C7DECAE00DE4F85 /* NetworkService.swift in Sources */ = {isa = PBXBuildFile; fileRef = 6B2700772C7DECAE00DE4F85 /* NetworkService.swift */; };
		6BD9A8352C7C9DA100544CC4 /* AppDelegate.swift in Sources */ = {isa = PBXBuildFile; fileRef = 6BD9A8342C7C9DA100544CC4 /* AppDelegate.swift */; };
		6BD9A8372C7C9DA100544CC4 /* SceneDelegate.swift in Sources */ = {isa = PBXBuildFile; fileRef = 6BD9A8362C7C9DA100544CC4 /* SceneDelegate.swift */; };
		6BD9A8392C7C9DA100544CC4 /* ToDoListViewController.swift in Sources */ = {isa = PBXBuildFile; fileRef = 6BD9A8382C7C9DA100544CC4 /* ToDoListViewController.swift */; };
		6BD9A83F2C7C9DA100544CC4 /* ToDoList.xcdatamodeld in Sources */ = {isa = PBXBuildFile; fileRef = 6BD9A83D2C7C9DA100544CC4 /* ToDoList.xcdatamodeld */; };
		6BD9A8412C7C9DA300544CC4 /* Assets.xcassets in Resources */ = {isa = PBXBuildFile; fileRef = 6BD9A8402C7C9DA300544CC4 /* Assets.xcassets */; };
		6BD9A8442C7C9DA300544CC4 /* Base in Resources */ = {isa = PBXBuildFile; fileRef = 6BD9A8432C7C9DA300544CC4 /* Base */; };
		6BD9A84E2C7CA04200544CC4 /* ToDoListItem+CoreDataClass.swift in Sources */ = {isa = PBXBuildFile; fileRef = 6BD9A84C2C7CA04200544CC4 /* ToDoListItem+CoreDataClass.swift */; };
		6BD9A84F2C7CA04200544CC4 /* ToDoListItem+CoreDataProperties.swift in Sources */ = {isa = PBXBuildFile; fileRef = 6BD9A84D2C7CA04200544CC4 /* ToDoListItem+CoreDataProperties.swift */; };
		6BD9A8522C7CC75000544CC4 /* ToDoCell.swift in Sources */ = {isa = PBXBuildFile; fileRef = 6BD9A8512C7CC75000544CC4 /* ToDoCell.swift */; };
		6BF025212C7F222400DB8B28 /* ToDoListPresenter.swift in Sources */ = {isa = PBXBuildFile; fileRef = 6BF025202C7F222400DB8B28 /* ToDoListPresenter.swift */; };
/* End PBXBuildFile section */

/* Begin PBXFileReference section */
		6B2700772C7DECAE00DE4F85 /* NetworkService.swift */ = {isa = PBXFileReference; lastKnownFileType = sourcecode.swift; path = NetworkService.swift; sourceTree = "<group>"; };
		6BD9A8312C7C9DA100544CC4 /* ToDoList.app */ = {isa = PBXFileReference; explicitFileType = wrapper.application; includeInIndex = 0; path = ToDoList.app; sourceTree = BUILT_PRODUCTS_DIR; };
		6BD9A8342C7C9DA100544CC4 /* AppDelegate.swift */ = {isa = PBXFileReference; lastKnownFileType = sourcecode.swift; path = AppDelegate.swift; sourceTree = "<group>"; };
		6BD9A8362C7C9DA100544CC4 /* SceneDelegate.swift */ = {isa = PBXFileReference; lastKnownFileType = sourcecode.swift; path = SceneDelegate.swift; sourceTree = "<group>"; };
		6BD9A8382C7C9DA100544CC4 /* ToDoListViewController.swift */ = {isa = PBXFileReference; lastKnownFileType = sourcecode.swift; path = ToDoListViewController.swift; sourceTree = "<group>"; };
		6BD9A83E2C7C9DA100544CC4 /* ToDoList.xcdatamodel */ = {isa = PBXFileReference; lastKnownFileType = wrapper.xcdatamodel; path = ToDoList.xcdatamodel; sourceTree = "<group>"; };
		6BD9A8402C7C9DA300544CC4 /* Assets.xcassets */ = {isa = PBXFileReference; lastKnownFileType = folder.assetcatalog; path = Assets.xcassets; sourceTree = "<group>"; };
		6BD9A8432C7C9DA300544CC4 /* Base */ = {isa = PBXFileReference; lastKnownFileType = file.storyboard; name = Base; path = Base.lproj/LaunchScreen.storyboard; sourceTree = "<group>"; };
		6BD9A8452C7C9DA300544CC4 /* Info.plist */ = {isa = PBXFileReference; lastKnownFileType = text.plist.xml; path = Info.plist; sourceTree = "<group>"; };
		6BD9A84C2C7CA04200544CC4 /* ToDoListItem+CoreDataClass.swift */ = {isa = PBXFileReference; lastKnownFileType = sourcecode.swift; path = "ToDoListItem+CoreDataClass.swift"; sourceTree = "<group>"; };
		6BD9A84D2C7CA04200544CC4 /* ToDoListItem+CoreDataProperties.swift */ = {isa = PBXFileReference; lastKnownFileType = sourcecode.swift; path = "ToDoListItem+CoreDataProperties.swift"; sourceTree = "<group>"; };
		6BD9A8512C7CC75000544CC4 /* ToDoCell.swift */ = {isa = PBXFileReference; lastKnownFileType = sourcecode.swift; path = ToDoCell.swift; sourceTree = "<group>"; };
		6BF025202C7F222400DB8B28 /* ToDoListPresenter.swift */ = {isa = PBXFileReference; lastKnownFileType = sourcecode.swift; path = ToDoListPresenter.swift; sourceTree = "<group>"; };
/* End PBXFileReference section */

/* Begin PBXFrameworksBuildPhase section */
		6BD9A82E2C7C9DA100544CC4 /* Frameworks */ = {
			isa = PBXFrameworksBuildPhase;
			buildActionMask = 2147483647;
			files = (
			);
			runOnlyForDeploymentPostprocessing = 0;
		};
/* End PBXFrameworksBuildPhase section */

/* Begin PBXGroup section */
		6BD9A8282C7C9DA100544CC4 = {
			isa = PBXGroup;
			children = (
				6BD9A8332C7C9DA100544CC4 /* ToDoList */,
				6BD9A8322C7C9DA100544CC4 /* Products */,
			);
			sourceTree = "<group>";
		};
		6BD9A8322C7C9DA100544CC4 /* Products */ = {
			isa = PBXGroup;
			children = (
				6BD9A8312C7C9DA100544CC4 /* ToDoList.app */,
			);
			name = Products;
			sourceTree = "<group>";
		};
		6BD9A8332C7C9DA100544CC4 /* ToDoList */ = {
			isa = PBXGroup;
			children = (
				6BD9A84B2C7C9DEA00544CC4 /* Application */,
				6BD9A8502C7CA09200544CC4 /* ToDoListItem */,
				6BF025232C7F435D00DB8B28 /* NetworkService */,
				6BF025252C7F43F200DB8B28 /* ToDoListViewController */,
				6BF025222C7F434800DB8B28 /* Cells */,
				6BF025242C7F439300DB8B28 /* SupportingFiles */,
				6BD9A83D2C7C9DA100544CC4 /* ToDoList.xcdatamodeld */,
			);
			path = ToDoList;
			sourceTree = "<group>";
		};
		6BD9A84B2C7C9DEA00544CC4 /* Application */ = {
			isa = PBXGroup;
			children = (
				6BD9A8342C7C9DA100544CC4 /* AppDelegate.swift */,
				6BD9A8362C7C9DA100544CC4 /* SceneDelegate.swift */,
			);
			path = Application;
			sourceTree = "<group>";
		};
		6BD9A8502C7CA09200544CC4 /* ToDoListItem */ = {
			isa = PBXGroup;
			children = (
				6BD9A84C2C7CA04200544CC4 /* ToDoListItem+CoreDataClass.swift */,
				6BD9A84D2C7CA04200544CC4 /* ToDoListItem+CoreDataProperties.swift */,
			);
			path = ToDoListItem;
			sourceTree = "<group>";
		};
		6BF025222C7F434800DB8B28 /* Cells */ = {
			isa = PBXGroup;
			children = (
				6BD9A8512C7CC75000544CC4 /* ToDoCell.swift */,
			);
			path = Cells;
			sourceTree = "<group>";
		};
		6BF025232C7F435D00DB8B28 /* NetworkService */ = {
			isa = PBXGroup;
			children = (
				6B2700772C7DECAE00DE4F85 /* NetworkService.swift */,
			);
			path = NetworkService;
			sourceTree = "<group>";
		};
		6BF025242C7F439300DB8B28 /* SupportingFiles */ = {
			isa = PBXGroup;
			children = (
				6BD9A8402C7C9DA300544CC4 /* Assets.xcassets */,
				6BD9A8422C7C9DA300544CC4 /* LaunchScreen.storyboard */,
				6BD9A8452C7C9DA300544CC4 /* Info.plist */,
			);
			path = SupportingFiles;
			sourceTree = "<group>";
		};
		6BF025252C7F43F200DB8B28 /* ToDoListViewController */ = {
			isa = PBXGroup;
			children = (
				6BD9A8382C7C9DA100544CC4 /* ToDoListViewController.swift */,
				6BF025202C7F222400DB8B28 /* ToDoListPresenter.swift */,
			);
			path = ToDoListViewController;
			sourceTree = "<group>";
		};
/* End PBXGroup section */

/* Begin PBXNativeTarget section */
		6BD9A8302C7C9DA100544CC4 /* ToDoList */ = {
			isa = PBXNativeTarget;
			buildConfigurationList = 6BD9A8482C7C9DA300544CC4 /* Build configuration list for PBXNativeTarget "ToDoList" */;
			buildPhases = (
				6BD9A82D2C7C9DA100544CC4 /* Sources */,
				6BD9A82E2C7C9DA100544CC4 /* Frameworks */,
				6BD9A82F2C7C9DA100544CC4 /* Resources */,
			);
			buildRules = (
			);
			dependencies = (
			);
			name = ToDoList;
			productName = ToDoList;
			productReference = 6BD9A8312C7C9DA100544CC4 /* ToDoList.app */;
			productType = "com.apple.product-type.application";
		};
/* End PBXNativeTarget section */

/* Begin PBXProject section */
		6BD9A8292C7C9DA100544CC4 /* Project object */ = {
			isa = PBXProject;
			attributes = {
				BuildIndependentTargetsInParallel = 1;
				LastSwiftUpdateCheck = 1540;
				LastUpgradeCheck = 1540;
				TargetAttributes = {
					6BD9A8302C7C9DA100544CC4 = {
						CreatedOnToolsVersion = 15.4;
					};
				};
			};
			buildConfigurationList = 6BD9A82C2C7C9DA100544CC4 /* Build configuration list for PBXProject "ToDoList" */;
			compatibilityVersion = "Xcode 14.0";
			developmentRegion = en;
			hasScannedForEncodings = 0;
			knownRegions = (
				en,
				Base,
			);
			mainGroup = 6BD9A8282C7C9DA100544CC4;
			productRefGroup = 6BD9A8322C7C9DA100544CC4 /* Products */;
			projectDirPath = "";
			projectRoot = "";
			targets = (
				6BD9A8302C7C9DA100544CC4 /* ToDoList */,
			);
		};
/* End PBXProject section */

/* Begin PBXResourcesBuildPhase section */
		6BD9A82F2C7C9DA100544CC4 /* Resources */ = {
			isa = PBXResourcesBuildPhase;
			buildActionMask = 2147483647;
			files = (
				6BD9A8412C7C9DA300544CC4 /* Assets.xcassets in Resources */,
				6BD9A8442C7C9DA300544CC4 /* Base in Resources */,
			);
			runOnlyForDeploymentPostprocessing = 0;
		};
/* End PBXResourcesBuildPhase section */

/* Begin PBXSourcesBuildPhase section */
		6BD9A82D2C7C9DA100544CC4 /* Sources */ = {
			isa = PBXSourcesBuildPhase;
			buildActionMask = 2147483647;
			files = (
				6BD9A8392C7C9DA100544CC4 /* ToDoListViewController.swift in Sources */,
				6BD9A8352C7C9DA100544CC4 /* AppDelegate.swift in Sources */,
				6B2700782C7DECAE00DE4F85 /* NetworkService.swift in Sources */,
				6BD9A8522C7CC75000544CC4 /* ToDoCell.swift in Sources */,
				6BD9A84E2C7CA04200544CC4 /* ToDoListItem+CoreDataClass.swift in Sources */,
				6BD9A84F2C7CA04200544CC4 /* ToDoListItem+CoreDataProperties.swift in Sources */,
				6BF025212C7F222400DB8B28 /* ToDoListPresenter.swift in Sources */,
				6BD9A8372C7C9DA100544CC4 /* SceneDelegate.swift in Sources */,
				6BD9A83F2C7C9DA100544CC4 /* ToDoList.xcdatamodeld in Sources */,
			);
			runOnlyForDeploymentPostprocessing = 0;
		};
/* End PBXSourcesBuildPhase section */

/* Begin PBXVariantGroup section */
		6BD9A8422C7C9DA300544CC4 /* LaunchScreen.storyboard */ = {
			isa = PBXVariantGroup;
			children = (
				6BD9A8432C7C9DA300544CC4 /* Base */,
			);
			name = LaunchScreen.storyboard;
			sourceTree = "<group>";
		};
/* End PBXVariantGroup section */

/* Begin XCBuildConfiguration section */
		6BD9A8462C7C9DA300544CC4 /* Debug */ = {
			isa = XCBuildConfiguration;
			buildSettings = {
				ALWAYS_SEARCH_USER_PATHS = NO;
				ASSETCATALOG_COMPILER_GENERATE_SWIFT_ASSET_SYMBOL_EXTENSIONS = YES;
				CLANG_ANALYZER_NONNULL = YES;
				CLANG_ANALYZER_NUMBER_OBJECT_CONVERSION = YES_AGGRESSIVE;
				CLANG_CXX_LANGUAGE_STANDARD = "gnu++20";
				CLANG_ENABLE_MODULES = YES;
				CLANG_ENABLE_OBJC_ARC = YES;
				CLANG_ENABLE_OBJC_WEAK = YES;
				CLANG_WARN_BLOCK_CAPTURE_AUTORELEASING = YES;
				CLANG_WARN_BOOL_CONVERSION = YES;
				CLANG_WARN_COMMA = YES;
				CLANG_WARN_CONSTANT_CONVERSION = YES;
				CLANG_WARN_DEPRECATED_OBJC_IMPLEMENTATIONS = YES;
				CLANG_WARN_DIRECT_OBJC_ISA_USAGE = YES_ERROR;
				CLANG_WARN_DOCUMENTATION_COMMENTS = YES;
				CLANG_WARN_EMPTY_BODY = YES;
				CLANG_WARN_ENUM_CONVERSION = YES;
				CLANG_WARN_INFINITE_RECURSION = YES;
				CLANG_WARN_INT_CONVERSION = YES;
				CLANG_WARN_NON_LITERAL_NULL_CONVERSION = YES;
				CLANG_WARN_OBJC_IMPLICIT_RETAIN_SELF = YES;
				CLANG_WARN_OBJC_LITERAL_CONVERSION = YES;
				CLANG_WARN_OBJC_ROOT_CLASS = YES_ERROR;
				CLANG_WARN_QUOTED_INCLUDE_IN_FRAMEWORK_HEADER = YES;
				CLANG_WARN_RANGE_LOOP_ANALYSIS = YES;
				CLANG_WARN_STRICT_PROTOTYPES = YES;
				CLANG_WARN_SUSPICIOUS_MOVE = YES;
				CLANG_WARN_UNGUARDED_AVAILABILITY = YES_AGGRESSIVE;
				CLANG_WARN_UNREACHABLE_CODE = YES;
				CLANG_WARN__DUPLICATE_METHOD_MATCH = YES;
				COPY_PHASE_STRIP = NO;
				DEBUG_INFORMATION_FORMAT = dwarf;
				ENABLE_STRICT_OBJC_MSGSEND = YES;
				ENABLE_TESTABILITY = YES;
				ENABLE_USER_SCRIPT_SANDBOXING = YES;
				GCC_C_LANGUAGE_STANDARD = gnu17;
				GCC_DYNAMIC_NO_PIC = NO;
				GCC_NO_COMMON_BLOCKS = YES;
				GCC_OPTIMIZATION_LEVEL = 0;
				GCC_PREPROCESSOR_DEFINITIONS = (
					"DEBUG=1",
					"$(inherited)",
				);
				GCC_WARN_64_TO_32_BIT_CONVERSION = YES;
				GCC_WARN_ABOUT_RETURN_TYPE = YES_ERROR;
				GCC_WARN_UNDECLARED_SELECTOR = YES;
				GCC_WARN_UNINITIALIZED_AUTOS = YES_AGGRESSIVE;
				GCC_WARN_UNUSED_FUNCTION = YES;
				GCC_WARN_UNUSED_VARIABLE = YES;
				IPHONEOS_DEPLOYMENT_TARGET = 17.5;
				LOCALIZATION_PREFERS_STRING_CATALOGS = YES;
				MTL_ENABLE_DEBUG_INFO = INCLUDE_SOURCE;
				MTL_FAST_MATH = YES;
				ONLY_ACTIVE_ARCH = YES;
				SDKROOT = iphoneos;
				SWIFT_ACTIVE_COMPILATION_CONDITIONS = "DEBUG $(inherited)";
				SWIFT_OPTIMIZATION_LEVEL = "-Onone";
			};
			name = Debug;
		};
		6BD9A8472C7C9DA300544CC4 /* Release */ = {
			isa = XCBuildConfiguration;
			buildSettings = {
				ALWAYS_SEARCH_USER_PATHS = NO;
				ASSETCATALOG_COMPILER_GENERATE_SWIFT_ASSET_SYMBOL_EXTENSIONS = YES;
				CLANG_ANALYZER_NONNULL = YES;
				CLANG_ANALYZER_NUMBER_OBJECT_CONVERSION = YES_AGGRESSIVE;
				CLANG_CXX_LANGUAGE_STANDARD = "gnu++20";
				CLANG_ENABLE_MODULES = YES;
				CLANG_ENABLE_OBJC_ARC = YES;
				CLANG_ENABLE_OBJC_WEAK = YES;
				CLANG_WARN_BLOCK_CAPTURE_AUTORELEASING = YES;
				CLANG_WARN_BOOL_CONVERSION = YES;
				CLANG_WARN_COMMA = YES;
				CLANG_WARN_CONSTANT_CONVERSION = YES;
				CLANG_WARN_DEPRECATED_OBJC_IMPLEMENTATIONS = YES;
				CLANG_WARN_DIRECT_OBJC_ISA_USAGE = YES_ERROR;
				CLANG_WARN_DOCUMENTATION_COMMENTS = YES;
				CLANG_WARN_EMPTY_BODY = YES;
				CLANG_WARN_ENUM_CONVERSION = YES;
				CLANG_WARN_INFINITE_RECURSION = YES;
				CLANG_WARN_INT_CONVERSION = YES;
				CLANG_WARN_NON_LITERAL_NULL_CONVERSION = YES;
				CLANG_WARN_OBJC_IMPLICIT_RETAIN_SELF = YES;
				CLANG_WARN_OBJC_LITERAL_CONVERSION = YES;
				CLANG_WARN_OBJC_ROOT_CLASS = YES_ERROR;
				CLANG_WARN_QUOTED_INCLUDE_IN_FRAMEWORK_HEADER = YES;
				CLANG_WARN_RANGE_LOOP_ANALYSIS = YES;
				CLANG_WARN_STRICT_PROTOTYPES = YES;
				CLANG_WARN_SUSPICIOUS_MOVE = YES;
				CLANG_WARN_UNGUARDED_AVAILABILITY = YES_AGGRESSIVE;
				CLANG_WARN_UNREACHABLE_CODE = YES;
				CLANG_WARN__DUPLICATE_METHOD_MATCH = YES;
				COPY_PHASE_STRIP = NO;
				DEBUG_INFORMATION_FORMAT = "dwarf-with-dsym";
				ENABLE_NS_ASSERTIONS = NO;
				ENABLE_STRICT_OBJC_MSGSEND = YES;
				ENABLE_USER_SCRIPT_SANDBOXING = YES;
				GCC_C_LANGUAGE_STANDARD = gnu17;
				GCC_NO_COMMON_BLOCKS = YES;
				GCC_WARN_64_TO_32_BIT_CONVERSION = YES;
				GCC_WARN_ABOUT_RETURN_TYPE = YES_ERROR;
				GCC_WARN_UNDECLARED_SELECTOR = YES;
				GCC_WARN_UNINITIALIZED_AUTOS = YES_AGGRESSIVE;
				GCC_WARN_UNUSED_FUNCTION = YES;
				GCC_WARN_UNUSED_VARIABLE = YES;
				IPHONEOS_DEPLOYMENT_TARGET = 17.5;
				LOCALIZATION_PREFERS_STRING_CATALOGS = YES;
				MTL_ENABLE_DEBUG_INFO = NO;
				MTL_FAST_MATH = YES;
				SDKROOT = iphoneos;
				SWIFT_COMPILATION_MODE = wholemodule;
				VALIDATE_PRODUCT = YES;
			};
			name = Release;
		};
		6BD9A8492C7C9DA300544CC4 /* Debug */ = {
			isa = XCBuildConfiguration;
			buildSettings = {
				ASSETCATALOG_COMPILER_APPICON_NAME = AppIcon;
				ASSETCATALOG_COMPILER_GLOBAL_ACCENT_COLOR_NAME = AccentColor;
				CODE_SIGN_STYLE = Automatic;
				CURRENT_PROJECT_VERSION = 1;
				DEVELOPMENT_TEAM = UAX2RU75QB;
				GENERATE_INFOPLIST_FILE = YES;
				INFOPLIST_FILE = ToDoList/SupportingFiles/Info.plist;
				INFOPLIST_KEY_UIApplicationSupportsIndirectInputEvents = YES;
				INFOPLIST_KEY_UILaunchStoryboardName = LaunchScreen;
				INFOPLIST_KEY_UISupportedInterfaceOrientations = UIInterfaceOrientationPortrait;
				INFOPLIST_KEY_UISupportedInterfaceOrientations_iPad = "UIInterfaceOrientationLandscapeLeft UIInterfaceOrientationLandscapeRight UIInterfaceOrientationPortrait UIInterfaceOrientationPortraitUpsideDown";
				IPHONEOS_DEPLOYMENT_TARGET = 16.0;
				LD_RUNPATH_SEARCH_PATHS = (
					"$(inherited)",
					"@executable_path/Frameworks",
				);
				MARKETING_VERSION = 1.0;
				PRODUCT_BUNDLE_IDENTIFIER = Vasilii.ToDoList;
				PRODUCT_NAME = "$(TARGET_NAME)";
				SUPPORTED_PLATFORMS = "iphoneos iphonesimulator";
				SUPPORTS_MACCATALYST = NO;
				SUPPORTS_MAC_DESIGNED_FOR_IPHONE_IPAD = NO;
				SUPPORTS_XR_DESIGNED_FOR_IPHONE_IPAD = NO;
				SWIFT_EMIT_LOC_STRINGS = YES;
				SWIFT_VERSION = 5.0;
				TARGETED_DEVICE_FAMILY = 1;
			};
			name = Debug;
		};
		6BD9A84A2C7C9DA300544CC4 /* Release */ = {
			isa = XCBuildConfiguration;
			buildSettings = {
				ASSETCATALOG_COMPILER_APPICON_NAME = AppIcon;
				ASSETCATALOG_COMPILER_GLOBAL_ACCENT_COLOR_NAME = AccentColor;
				CODE_SIGN_STYLE = Automatic;
				CURRENT_PROJECT_VERSION = 1;
				DEVELOPMENT_TEAM = UAX2RU75QB;
				GENERATE_INFOPLIST_FILE = YES;
				INFOPLIST_FILE = ToDoList/SupportingFiles/Info.plist;
				INFOPLIST_KEY_UIApplicationSupportsIndirectInputEvents = YES;
				INFOPLIST_KEY_UILaunchStoryboardName = LaunchScreen;
				INFOPLIST_KEY_UISupportedInterfaceOrientations = UIInterfaceOrientationPortrait;
				INFOPLIST_KEY_UISupportedInterfaceOrientations_iPad = "UIInterfaceOrientationLandscapeLeft UIInterfaceOrientationLandscapeRight UIInterfaceOrientationPortrait UIInterfaceOrientationPortraitUpsideDown";
				IPHONEOS_DEPLOYMENT_TARGET = 16.0;
				LD_RUNPATH_SEARCH_PATHS = (
					"$(inherited)",
					"@executable_path/Frameworks",
				);
				MARKETING_VERSION = 1.0;
				PRODUCT_BUNDLE_IDENTIFIER = Vasilii.ToDoList;
				PRODUCT_NAME = "$(TARGET_NAME)";
				SUPPORTED_PLATFORMS = "iphoneos iphonesimulator";
				SUPPORTS_MACCATALYST = NO;
				SUPPORTS_MAC_DESIGNED_FOR_IPHONE_IPAD = NO;
				SUPPORTS_XR_DESIGNED_FOR_IPHONE_IPAD = NO;
				SWIFT_EMIT_LOC_STRINGS = YES;
				SWIFT_VERSION = 5.0;
				TARGETED_DEVICE_FAMILY = 1;
			};
			name = Release;
		};
/* End XCBuildConfiguration section */

/* Begin XCConfigurationList section */
		6BD9A82C2C7C9DA100544CC4 /* Build configuration list for PBXProject "ToDoList" */ = {
			isa = XCConfigurationList;
			buildConfigurations = (
				6BD9A8462C7C9DA300544CC4 /* Debug */,
				6BD9A8472C7C9DA300544CC4 /* Release */,
			);
			defaultConfigurationIsVisible = 0;
			defaultConfigurationName = Release;
		};
		6BD9A8482C7C9DA300544CC4 /* Build configuration list for PBXNativeTarget "ToDoList" */ = {
			isa = XCConfigurationList;
			buildConfigurations = (
				6BD9A8492C7C9DA300544CC4 /* Debug */,
				6BD9A84A2C7C9DA300544CC4 /* Release */,
			);
			defaultConfigurationIsVisible = 0;
			defaultConfigurationName = Release;
		};
/* End XCConfigurationList section */

/* Begin XCVersionGroup section */
		6BD9A83D2C7C9DA100544CC4 /* ToDoList.xcdatamodeld */ = {
			isa = XCVersionGroup;
			children = (
				6BD9A83E2C7C9DA100544CC4 /* ToDoList.xcdatamodel */,
			);
			currentVersion = 6BD9A83E2C7C9DA100544CC4 /* ToDoList.xcdatamodel */;
			path = ToDoList.xcdatamodeld;
			sourceTree = "<group>";
			versionGroupType = wrapper.xcdatamodel;
		};
/* End XCVersionGroup section */
	};
	rootObject = 6BD9A8292C7C9DA100544CC4 /* Project object */;
}
